// !$*UTF8*$!
{
	archiveVersion = 1;
	classes = {
	};
	objectVersion = 50;
	objects = {

/* Begin PBXBuildFile section */
		30FDF1C325594007003CE373 /* AppDelegate.swift in Sources */ = {isa = PBXBuildFile; fileRef = 30FDF1C225594007003CE373 /* AppDelegate.swift */; };
		30FDF1C525594007003CE373 /* SceneDelegate.swift in Sources */ = {isa = PBXBuildFile; fileRef = 30FDF1C425594007003CE373 /* SceneDelegate.swift */; };
		30FDF1C725594007003CE373 /* ViewController.swift in Sources */ = {isa = PBXBuildFile; fileRef = 30FDF1C625594007003CE373 /* ViewController.swift */; };
		30FDF1CA25594007003CE373 /* Main.storyboard in Resources */ = {isa = PBXBuildFile; fileRef = 30FDF1C825594007003CE373 /* Main.storyboard */; };
		30FDF1CC25594007003CE373 /* Assets.xcassets in Resources */ = {isa = PBXBuildFile; fileRef = 30FDF1CB25594007003CE373 /* Assets.xcassets */; };
		30FDF1CF25594007003CE373 /* LaunchScreen.storyboard in Resources */ = {isa = PBXBuildFile; fileRef = 30FDF1CD25594007003CE373 /* LaunchScreen.storyboard */; };
		30FDF1DA25594007003CE373 /* TestAppTests.swift in Sources */ = {isa = PBXBuildFile; fileRef = 30FDF1D925594007003CE373 /* TestAppTests.swift */; };
		30FDF1E525594007003CE373 /* TestAppUITests.swift in Sources */ = {isa = PBXBuildFile; fileRef = 30FDF1E425594007003CE373 /* TestAppUITests.swift */; };
/* End PBXBuildFile section */

/* Begin PBXContainerItemProxy section */
		30FDF1D625594007003CE373 /* PBXContainerItemProxy */ = {
			isa = PBXContainerItemProxy;
			containerPortal = 30FDF1B725594007003CE373 /* Project object */;
			proxyType = 1;
			remoteGlobalIDString = 30FDF1BE25594007003CE373;
			remoteInfo = TestApp;
		};
		30FDF1E125594007003CE373 /* PBXContainerItemProxy */ = {
			isa = PBXContainerItemProxy;
			containerPortal = 30FDF1B725594007003CE373 /* Project object */;
			proxyType = 1;
			remoteGlobalIDString = 30FDF1BE25594007003CE373;
			remoteInfo = TestApp;
		};
/* End PBXContainerItemProxy section */

/* Begin PBXFileReference section */
		30FDF1BF25594007003CE373 /* TestApp.app */ = {isa = PBXFileReference; explicitFileType = wrapper.application; includeInIndex = 0; path = TestApp.app; sourceTree = BUILT_PRODUCTS_DIR; };
		30FDF1C225594007003CE373 /* AppDelegate.swift */ = {isa = PBXFileReference; lastKnownFileType = sourcecode.swift; path = AppDelegate.swift; sourceTree = "<group>"; };
		30FDF1C425594007003CE373 /* SceneDelegate.swift */ = {isa = PBXFileReference; lastKnownFileType = sourcecode.swift; path = SceneDelegate.swift; sourceTree = "<group>"; };
		30FDF1C625594007003CE373 /* ViewController.swift */ = {isa = PBXFileReference; lastKnownFileType = sourcecode.swift; path = ViewController.swift; sourceTree = "<group>"; };
		30FDF1C925594007003CE373 /* Base */ = {isa = PBXFileReference; lastKnownFileType = file.storyboard; name = Base; path = Base.lproj/Main.storyboard; sourceTree = "<group>"; };
		30FDF1CB25594007003CE373 /* Assets.xcassets */ = {isa = PBXFileReference; lastKnownFileType = folder.assetcatalog; path = Assets.xcassets; sourceTree = "<group>"; };
		30FDF1CE25594007003CE373 /* Base */ = {isa = PBXFileReference; lastKnownFileType = file.storyboard; name = Base; path = Base.lproj/LaunchScreen.storyboard; sourceTree = "<group>"; };
		30FDF1D025594007003CE373 /* Info.plist */ = {isa = PBXFileReference; lastKnownFileType = text.plist.xml; path = Info.plist; sourceTree = "<group>"; };
		30FDF1D525594007003CE373 /* TestAppTests.xctest */ = {isa = PBXFileReference; explicitFileType = wrapper.cfbundle; includeInIndex = 0; path = TestAppTests.xctest; sourceTree = BUILT_PRODUCTS_DIR; };
		30FDF1D925594007003CE373 /* TestAppTests.swift */ = {isa = PBXFileReference; lastKnownFileType = sourcecode.swift; path = TestAppTests.swift; sourceTree = "<group>"; };
		30FDF1DB25594007003CE373 /* Info.plist */ = {isa = PBXFileReference; lastKnownFileType = text.plist.xml; path = Info.plist; sourceTree = "<group>"; };
		30FDF1E025594007003CE373 /* TestAppUITests.xctest */ = {isa = PBXFileReference; explicitFileType = wrapper.cfbundle; includeInIndex = 0; path = TestAppUITests.xctest; sourceTree = BUILT_PRODUCTS_DIR; };
		30FDF1E425594007003CE373 /* TestAppUITests.swift */ = {isa = PBXFileReference; lastKnownFileType = sourcecode.swift; path = TestAppUITests.swift; sourceTree = "<group>"; };
		30FDF1E625594007003CE373 /* Info.plist */ = {isa = PBXFileReference; lastKnownFileType = text.plist.xml; path = Info.plist; sourceTree = "<group>"; };
/* End PBXFileReference section */

/* Begin PBXFrameworksBuildPhase section */
		30FDF1BC25594007003CE373 /* Frameworks */ = {
			isa = PBXFrameworksBuildPhase;
			buildActionMask = 2147483647;
			files = (
			);
			runOnlyForDeploymentPostprocessing = 0;
		};
		30FDF1D225594007003CE373 /* Frameworks */ = {
			isa = PBXFrameworksBuildPhase;
			buildActionMask = 2147483647;
			files = (
			);
			runOnlyForDeploymentPostprocessing = 0;
		};
		30FDF1DD25594007003CE373 /* Frameworks */ = {
			isa = PBXFrameworksBuildPhase;
			buildActionMask = 2147483647;
			files = (
			);
			runOnlyForDeploymentPostprocessing = 0;
		};
/* End PBXFrameworksBuildPhase section */

/* Begin PBXGroup section */
		30FDF1B625594007003CE373 = {
			isa = PBXGroup;
			children = (
				30FDF1C125594007003CE373 /* TestApp */,
				30FDF1D825594007003CE373 /* TestAppTests */,
				30FDF1E325594007003CE373 /* TestAppUITests */,
				30FDF1C025594007003CE373 /* Products */,
			);
			sourceTree = "<group>";
		};
		30FDF1C025594007003CE373 /* Products */ = {
			isa = PBXGroup;
			children = (
				30FDF1BF25594007003CE373 /* TestApp.app */,
				30FDF1D525594007003CE373 /* TestAppTests.xctest */,
				30FDF1E025594007003CE373 /* TestAppUITests.xctest */,
			);
			name = Products;
			sourceTree = "<group>";
		};
		30FDF1C125594007003CE373 /* TestApp */ = {
			isa = PBXGroup;
			children = (
				30FDF1C225594007003CE373 /* AppDelegate.swift */,
				30FDF1C425594007003CE373 /* SceneDelegate.swift */,
				30FDF1C625594007003CE373 /* ViewController.swift */,
				30FDF1C825594007003CE373 /* Main.storyboard */,
				30FDF1CB25594007003CE373 /* Assets.xcassets */,
				30FDF1CD25594007003CE373 /* LaunchScreen.storyboard */,
				30FDF1D025594007003CE373 /* Info.plist */,
			);
			path = TestApp;
			sourceTree = "<group>";
		};
		30FDF1D825594007003CE373 /* TestAppTests */ = {
			isa = PBXGroup;
			children = (
				30FDF1D925594007003CE373 /* TestAppTests.swift */,
				30FDF1DB25594007003CE373 /* Info.plist */,
			);
			path = TestAppTests;
			sourceTree = "<group>";
		};
		30FDF1E325594007003CE373 /* TestAppUITests */ = {
			isa = PBXGroup;
			children = (
				30FDF1E425594007003CE373 /* TestAppUITests.swift */,
				30FDF1E625594007003CE373 /* Info.plist */,
			);
			path = TestAppUITests;
			sourceTree = "<group>";
		};
/* End PBXGroup section */

/* Begin PBXNativeTarget section */
		30FDF1BE25594007003CE373 /* TestApp */ = {
			isa = PBXNativeTarget;
			buildConfigurationList = 30FDF1E925594007003CE373 /* Build configuration list for PBXNativeTarget "TestApp" */;
			buildPhases = (
				30FDF1BB25594007003CE373 /* Sources */,
				30FDF1BC25594007003CE373 /* Frameworks */,
				30FDF1BD25594007003CE373 /* Resources */,
			);
			buildRules = (
			);
			dependencies = (
			);
			name = TestApp;
			productName = TestApp;
			productReference = 30FDF1BF25594007003CE373 /* TestApp.app */;
			productType = "com.apple.product-type.application";
		};
		30FDF1D425594007003CE373 /* TestAppTests */ = {
			isa = PBXNativeTarget;
			buildConfigurationList = 30FDF1EC25594007003CE373 /* Build configuration list for PBXNativeTarget "TestAppTests" */;
			buildPhases = (
				30FDF1D125594007003CE373 /* Sources */,
				30FDF1D225594007003CE373 /* Frameworks */,
				30FDF1D325594007003CE373 /* Resources */,
			);
			buildRules = (
			);
			dependencies = (
				30FDF1D725594007003CE373 /* PBXTargetDependency */,
			);
			name = TestAppTests;
			productName = TestAppTests;
			productReference = 30FDF1D525594007003CE373 /* TestAppTests.xctest */;
			productType = "com.apple.product-type.bundle.unit-test";
		};
		30FDF1DF25594007003CE373 /* TestAppUITests */ = {
			isa = PBXNativeTarget;
			buildConfigurationList = 30FDF1EF25594007003CE373 /* Build configuration list for PBXNativeTarget "TestAppUITests" */;
			buildPhases = (
				30FDF1DC25594007003CE373 /* Sources */,
				30FDF1DD25594007003CE373 /* Frameworks */,
				30FDF1DE25594007003CE373 /* Resources */,
			);
			buildRules = (
			);
			dependencies = (
				30FDF1E225594007003CE373 /* PBXTargetDependency */,
			);
			name = TestAppUITests;
			productName = TestAppUITests;
			productReference = 30FDF1E025594007003CE373 /* TestAppUITests.xctest */;
			productType = "com.apple.product-type.bundle.ui-testing";
		};
/* End PBXNativeTarget section */

/* Begin PBXProject section */
		30FDF1B725594007003CE373 /* Project object */ = {
			isa = PBXProject;
			attributes = {
				LastSwiftUpdateCheck = 1210;
				LastUpgradeCheck = 1210;
				TargetAttributes = {
					30FDF1BE25594007003CE373 = {
						CreatedOnToolsVersion = 12.1;
					};
					30FDF1D425594007003CE373 = {
						CreatedOnToolsVersion = 12.1;
						TestTargetID = 30FDF1BE25594007003CE373;
					};
					30FDF1DF25594007003CE373 = {
						CreatedOnToolsVersion = 12.1;
						TestTargetID = 30FDF1BE25594007003CE373;
					};
				};
			};
			buildConfigurationList = 30FDF1BA25594007003CE373 /* Build configuration list for PBXProject "TestApp" */;
			compatibilityVersion = "Xcode 9.3";
			developmentRegion = en;
			hasScannedForEncodings = 0;
			knownRegions = (
				en,
				Base,
			);
			mainGroup = 30FDF1B625594007003CE373;
			productRefGroup = 30FDF1C025594007003CE373 /* Products */;
			projectDirPath = "";
			projectRoot = "";
			targets = (
				30FDF1BE25594007003CE373 /* TestApp */,
				30FDF1D425594007003CE373 /* TestAppTests */,
				30FDF1DF25594007003CE373 /* TestAppUITests */,
			);
		};
/* End PBXProject section */

/* Begin PBXResourcesBuildPhase section */
		30FDF1BD25594007003CE373 /* Resources */ = {
			isa = PBXResourcesBuildPhase;
			buildActionMask = 2147483647;
			files = (
				30FDF1CF25594007003CE373 /* LaunchScreen.storyboard in Resources */,
				30FDF1CC25594007003CE373 /* Assets.xcassets in Resources */,
				30FDF1CA25594007003CE373 /* Main.storyboard in Resources */,
			);
			runOnlyForDeploymentPostprocessing = 0;
		};
		30FDF1D325594007003CE373 /* Resources */ = {
			isa = PBXResourcesBuildPhase;
			buildActionMask = 2147483647;
			files = (
			);
			runOnlyForDeploymentPostprocessing = 0;
		};
		30FDF1DE25594007003CE373 /* Resources */ = {
			isa = PBXResourcesBuildPhase;
			buildActionMask = 2147483647;
			files = (
			);
			runOnlyForDeploymentPostprocessing = 0;
		};
/* End PBXResourcesBuildPhase section */

/* Begin PBXSourcesBuildPhase section */
		30FDF1BB25594007003CE373 /* Sources */ = {
			isa = PBXSourcesBuildPhase;
			buildActionMask = 2147483647;
			files = (
				30FDF1C725594007003CE373 /* ViewController.swift in Sources */,
				30FDF1C325594007003CE373 /* AppDelegate.swift in Sources */,
				30FDF1C525594007003CE373 /* SceneDelegate.swift in Sources */,
			);
			runOnlyForDeploymentPostprocessing = 0;
		};
		30FDF1D125594007003CE373 /* Sources */ = {
			isa = PBXSourcesBuildPhase;
			buildActionMask = 2147483647;
			files = (
				30FDF1DA25594007003CE373 /* TestAppTests.swift in Sources */,
			);
			runOnlyForDeploymentPostprocessing = 0;
		};
		30FDF1DC25594007003CE373 /* Sources */ = {
			isa = PBXSourcesBuildPhase;
			buildActionMask = 2147483647;
			files = (
				30FDF1E525594007003CE373 /* TestAppUITests.swift in Sources */,
			);
			runOnlyForDeploymentPostprocessing = 0;
		};
/* End PBXSourcesBuildPhase section */

/* Begin PBXTargetDependency section */
		30FDF1D725594007003CE373 /* PBXTargetDependency */ = {
			isa = PBXTargetDependency;
			target = 30FDF1BE25594007003CE373 /* TestApp */;
			targetProxy = 30FDF1D625594007003CE373 /* PBXContainerItemProxy */;
		};
		30FDF1E225594007003CE373 /* PBXTargetDependency */ = {
			isa = PBXTargetDependency;
			target = 30FDF1BE25594007003CE373 /* TestApp */;
			targetProxy = 30FDF1E125594007003CE373 /* PBXContainerItemProxy */;
		};
/* End PBXTargetDependency section */

/* Begin PBXVariantGroup section */
		30FDF1C825594007003CE373 /* Main.storyboard */ = {
			isa = PBXVariantGroup;
			children = (
				30FDF1C925594007003CE373 /* Base */,
			);
			name = Main.storyboard;
			sourceTree = "<group>";
		};
		30FDF1CD25594007003CE373 /* LaunchScreen.storyboard */ = {
			isa = PBXVariantGroup;
			children = (
				30FDF1CE25594007003CE373 /* Base */,
			);
			name = LaunchScreen.storyboard;
			sourceTree = "<group>";
		};
/* End PBXVariantGroup section */

/* Begin XCBuildConfiguration section */
		30FDF1E725594007003CE373 /* Debug */ = {
			isa = XCBuildConfiguration;
			buildSettings = {
				ALWAYS_SEARCH_USER_PATHS = NO;
				CLANG_ANALYZER_NONNULL = YES;
				CLANG_ANALYZER_NUMBER_OBJECT_CONVERSION = YES_AGGRESSIVE;
				CLANG_CXX_LANGUAGE_STANDARD = "gnu++14";
				CLANG_CXX_LIBRARY = "libc++";
				CLANG_ENABLE_MODULES = YES;
				CLANG_ENABLE_OBJC_ARC = YES;
				CLANG_ENABLE_OBJC_WEAK = YES;
				CLANG_WARN_BLOCK_CAPTURE_AUTORELEASING = YES;
				CLANG_WARN_BOOL_CONVERSION = YES;
				CLANG_WARN_COMMA = YES;
				CLANG_WARN_CONSTANT_CONVERSION = YES;
				CLANG_WARN_DEPRECATED_OBJC_IMPLEMENTATIONS = YES;
				CLANG_WARN_DIRECT_OBJC_ISA_USAGE = YES_ERROR;
				CLANG_WARN_DOCUMENTATION_COMMENTS = YES;
				CLANG_WARN_EMPTY_BODY = YES;
				CLANG_WARN_ENUM_CONVERSION = YES;
				CLANG_WARN_INFINITE_RECURSION = YES;
				CLANG_WARN_INT_CONVERSION = YES;
				CLANG_WARN_NON_LITERAL_NULL_CONVERSION = YES;
				CLANG_WARN_OBJC_IMPLICIT_RETAIN_SELF = YES;
				CLANG_WARN_OBJC_LITERAL_CONVERSION = YES;
				CLANG_WARN_OBJC_ROOT_CLASS = YES_ERROR;
				CLANG_WARN_QUOTED_INCLUDE_IN_FRAMEWORK_HEADER = YES;
				CLANG_WARN_RANGE_LOOP_ANALYSIS = YES;
				CLANG_WARN_STRICT_PROTOTYPES = YES;
				CLANG_WARN_SUSPICIOUS_MOVE = YES;
				CLANG_WARN_UNGUARDED_AVAILABILITY = YES_AGGRESSIVE;
				CLANG_WARN_UNREACHABLE_CODE = YES;
				CLANG_WARN__DUPLICATE_METHOD_MATCH = YES;
				COPY_PHASE_STRIP = NO;
				DEBUG_INFORMATION_FORMAT = dwarf;
				ENABLE_STRICT_OBJC_MSGSEND = YES;
				ENABLE_TESTABILITY = YES;
				GCC_C_LANGUAGE_STANDARD = gnu11;
				GCC_DYNAMIC_NO_PIC = NO;
				GCC_NO_COMMON_BLOCKS = YES;
				GCC_OPTIMIZATION_LEVEL = 0;
				GCC_PREPROCESSOR_DEFINITIONS = (
					"DEBUG=1",
					"$(inherited)",
				);
				GCC_WARN_64_TO_32_BIT_CONVERSION = YES;
				GCC_WARN_ABOUT_RETURN_TYPE = YES_ERROR;
				GCC_WARN_UNDECLARED_SELECTOR = YES;
				GCC_WARN_UNINITIALIZED_AUTOS = YES_AGGRESSIVE;
				GCC_WARN_UNUSED_FUNCTION = YES;
				GCC_WARN_UNUSED_VARIABLE = YES;
				IPHONEOS_DEPLOYMENT_TARGET = 14.1;
				MTL_ENABLE_DEBUG_INFO = INCLUDE_SOURCE;
				MTL_FAST_MATH = YES;
				ONLY_ACTIVE_ARCH = YES;
				SDKROOT = iphoneos;
				SWIFT_ACTIVE_COMPILATION_CONDITIONS = DEBUG;
				SWIFT_OPTIMIZATION_LEVEL = "-Onone";
			};
			name = Debug;
		};
		30FDF1E825594007003CE373 /* Release */ = {
			isa = XCBuildConfiguration;
			buildSettings = {
				ALWAYS_SEARCH_USER_PATHS = NO;
				CLANG_ANALYZER_NONNULL = YES;
				CLANG_ANALYZER_NUMBER_OBJECT_CONVERSION = YES_AGGRESSIVE;
				CLANG_CXX_LANGUAGE_STANDARD = "gnu++14";
				CLANG_CXX_LIBRARY = "libc++";
				CLANG_ENABLE_MODULES = YES;
				CLANG_ENABLE_OBJC_ARC = YES;
				CLANG_ENABLE_OBJC_WEAK = YES;
				CLANG_WARN_BLOCK_CAPTURE_AUTORELEASING = YES;
				CLANG_WARN_BOOL_CONVERSION = YES;
				CLANG_WARN_COMMA = YES;
				CLANG_WARN_CONSTANT_CONVERSION = YES;
				CLANG_WARN_DEPRECATED_OBJC_IMPLEMENTATIONS = YES;
				CLANG_WARN_DIRECT_OBJC_ISA_USAGE = YES_ERROR;
				CLANG_WARN_DOCUMENTATION_COMMENTS = YES;
				CLANG_WARN_EMPTY_BODY = YES;
				CLANG_WARN_ENUM_CONVERSION = YES;
				CLANG_WARN_INFINITE_RECURSION = YES;
				CLANG_WARN_INT_CONVERSION = YES;
				CLANG_WARN_NON_LITERAL_NULL_CONVERSION = YES;
				CLANG_WARN_OBJC_IMPLICIT_RETAIN_SELF = YES;
				CLANG_WARN_OBJC_LITERAL_CONVERSION = YES;
				CLANG_WARN_OBJC_ROOT_CLASS = YES_ERROR;
				CLANG_WARN_QUOTED_INCLUDE_IN_FRAMEWORK_HEADER = YES;
				CLANG_WARN_RANGE_LOOP_ANALYSIS = YES;
				CLANG_WARN_STRICT_PROTOTYPES = YES;
				CLANG_WARN_SUSPICIOUS_MOVE = YES;
				CLANG_WARN_UNGUARDED_AVAILABILITY = YES_AGGRESSIVE;
				CLANG_WARN_UNREACHABLE_CODE = YES;
				CLANG_WARN__DUPLICATE_METHOD_MATCH = YES;
				COPY_PHASE_STRIP = NO;
				DEBUG_INFORMATION_FORMAT = "dwarf-with-dsym";
				ENABLE_NS_ASSERTIONS = NO;
				ENABLE_STRICT_OBJC_MSGSEND = YES;
				GCC_C_LANGUAGE_STANDARD = gnu11;
				GCC_NO_COMMON_BLOCKS = YES;
				GCC_WARN_64_TO_32_BIT_CONVERSION = YES;
				GCC_WARN_ABOUT_RETURN_TYPE = YES_ERROR;
				GCC_WARN_UNDECLARED_SELECTOR = YES;
				GCC_WARN_UNINITIALIZED_AUTOS = YES_AGGRESSIVE;
				GCC_WARN_UNUSED_FUNCTION = YES;
				GCC_WARN_UNUSED_VARIABLE = YES;
				IPHONEOS_DEPLOYMENT_TARGET = 14.1;
				MTL_ENABLE_DEBUG_INFO = NO;
				MTL_FAST_MATH = YES;
				SDKROOT = iphoneos;
				SWIFT_COMPILATION_MODE = wholemodule;
				SWIFT_OPTIMIZATION_LEVEL = "-O";
				VALIDATE_PRODUCT = YES;
			};
			name = Release;
		};
		30FDF1EA25594007003CE373 /* Debug */ = {
			isa = XCBuildConfiguration;
			buildSettings = {
				ASSETCATALOG_COMPILER_APPICON_NAME = AppIcon;
				ASSETCATALOG_COMPILER_GLOBAL_ACCENT_COLOR_NAME = AccentColor;
				CODE_SIGN_STYLE = Automatic;
				DEVELOPMENT_TEAM = AUM397F8U5;
				INFOPLIST_FILE = TestApp/Info.plist;
				LD_RUNPATH_SEARCH_PATHS = (
					"$(inherited)",
					"@executable_path/Frameworks",
				);
				PRODUCT_BUNDLE_IDENTIFIER = com.kaovx.tf1.golfaround.TestApp;
				PRODUCT_NAME = "$(TARGET_NAME)";
				SWIFT_VERSION = 5.0;
				TARGETED_DEVICE_FAMILY = "1,2";
			};
			name = Debug;
		};
		30FDF1EB25594007003CE373 /* Release */ = {
			isa = XCBuildConfiguration;
			buildSettings = {
				ASSETCATALOG_COMPILER_APPICON_NAME = AppIcon;
				ASSETCATALOG_COMPILER_GLOBAL_ACCENT_COLOR_NAME = AccentColor;
				CODE_SIGN_STYLE = Automatic;
				DEVELOPMENT_TEAM = AUM397F8U5;
				INFOPLIST_FILE = TestApp/Info.plist;
				LD_RUNPATH_SEARCH_PATHS = (
					"$(inherited)",
					"@executable_path/Frameworks",
				);
				PRODUCT_BUNDLE_IDENTIFIER = com.kaovx.tf1.golfaround.TestApp;
				PRODUCT_NAME = "$(TARGET_NAME)";
				SWIFT_VERSION = 5.0;
				TARGETED_DEVICE_FAMILY = "1,2";
			};
			name = Release;
		};
		30FDF1ED25594007003CE373 /* Debug */ = {
			isa = XCBuildConfiguration;
			buildSettings = {
				ALWAYS_EMBED_SWIFT_STANDARD_LIBRARIES = YES;
				BUNDLE_LOADER = "$(TEST_HOST)";
				CODE_SIGN_STYLE = Automatic;
				DEVELOPMENT_TEAM = AUM397F8U5;
				INFOPLIST_FILE = TestAppTests/Info.plist;
				IPHONEOS_DEPLOYMENT_TARGET = 14.1;
				LD_RUNPATH_SEARCH_PATHS = (
					"$(inherited)",
					"@executable_path/Frameworks",
					"@loader_path/Frameworks",
				);
				PRODUCT_BUNDLE_IDENTIFIER = com.kaovx.tf1.golfaround.TestAppTests;
				PRODUCT_NAME = "$(TARGET_NAME)";
				SWIFT_VERSION = 5.0;
				TARGETED_DEVICE_FAMILY = "1,2";
				TEST_HOST = "$(BUILT_PRODUCTS_DIR)/TestApp.app/TestApp";
			};
			name = Debug;
		};
		30FDF1EE25594007003CE373 /* Release */ = {
			isa = XCBuildConfiguration;
			buildSettings = {
				ALWAYS_EMBED_SWIFT_STANDARD_LIBRARIES = YES;
				BUNDLE_LOADER = "$(TEST_HOST)";
				CODE_SIGN_STYLE = Automatic;
				DEVELOPMENT_TEAM = AUM397F8U5;
				INFOPLIST_FILE = TestAppTests/Info.plist;
				IPHONEOS_DEPLOYMENT_TARGET = 14.1;
				LD_RUNPATH_SEARCH_PATHS = (
					"$(inherited)",
					"@executable_path/Frameworks",
					"@loader_path/Frameworks",
				);
				PRODUCT_BUNDLE_IDENTIFIER = com.kaovx.tf1.golfaround.TestAppTests;
				PRODUCT_NAME = "$(TARGET_NAME)";
				SWIFT_VERSION = 5.0;
				TARGETED_DEVICE_FAMILY = "1,2";
				TEST_HOST = "$(BUILT_PRODUCTS_DIR)/TestApp.app/TestApp";
			};
			name = Release;
		};
		30FDF1F025594007003CE373 /* Debug */ = {
			isa = XCBuildConfiguration;
			buildSettings = {
				ALWAYS_EMBED_SWIFT_STANDARD_LIBRARIES = YES;
				CODE_SIGN_STYLE = Automatic;
				DEVELOPMENT_TEAM = AUM397F8U5;
				INFOPLIST_FILE = TestAppUITests/Info.plist;
				LD_RUNPATH_SEARCH_PATHS = (
					"$(inherited)",
					"@executable_path/Frameworks",
					"@loader_path/Frameworks",
				);
				PRODUCT_BUNDLE_IDENTIFIER = com.kaovx.tf1.golfaround.TestAppUITests;
				PRODUCT_NAME = "$(TARGET_NAME)";
				SWIFT_VERSION = 5.0;
				TARGETED_DEVICE_FAMILY = "1,2";
				TEST_TARGET_NAME = TestApp;
			};
			name = Debug;
		};
		30FDF1F125594007003CE373 /* Release */ = {
			isa = XCBuildConfiguration;
			buildSettings = {
				ALWAYS_EMBED_SWIFT_STANDARD_LIBRARIES = YES;
				CODE_SIGN_STYLE = Automatic;
				DEVELOPMENT_TEAM = AUM397F8U5;
				INFOPLIST_FILE = TestAppUITests/Info.plist;
				LD_RUNPATH_SEARCH_PATHS = (
					"$(inherited)",
					"@executable_path/Frameworks",
					"@loader_path/Frameworks",
				);
				PRODUCT_BUNDLE_IDENTIFIER = com.kaovx.tf1.golfaround.TestAppUITests;
				PRODUCT_NAME = "$(TARGET_NAME)";
				SWIFT_VERSION = 5.0;
				TARGETED_DEVICE_FAMILY = "1,2";
				TEST_TARGET_NAME = TestApp;
			};
			name = Release;
		};
/* End XCBuildConfiguration section */

/* Begin XCConfigurationList section */
		30FDF1BA25594007003CE373 /* Build configuration list for PBXProject "TestApp" */ = {
			isa = XCConfigurationList;
			buildConfigurations = (
				30FDF1E725594007003CE373 /* Debug */,
				30FDF1E825594007003CE373 /* Release */,
			);
			defaultConfigurationIsVisible = 0;
			defaultConfigurationName = Release;
		};
		30FDF1E925594007003CE373 /* Build configuration list for PBXNativeTarget "TestApp" */ = {
			isa = XCConfigurationList;
			buildConfigurations = (
				30FDF1EA25594007003CE373 /* Debug */,
				30FDF1EB25594007003CE373 /* Release */,
			);
			defaultConfigurationIsVisible = 0;
			defaultConfigurationName = Release;
		};
		30FDF1EC25594007003CE373 /* Build configuration list for PBXNativeTarget "TestAppTests" */ = {
			isa = XCConfigurationList;
			buildConfigurations = (
				30FDF1ED25594007003CE373 /* Debug */,
				30FDF1EE25594007003CE373 /* Release */,
			);
			defaultConfigurationIsVisible = 0;
			defaultConfigurationName = Release;
		};
		30FDF1EF25594007003CE373 /* Build configuration list for PBXNativeTarget "TestAppUITests" */ = {
			isa = XCConfigurationList;
			buildConfigurations = (
				30FDF1F025594007003CE373 /* Debug */,
				30FDF1F125594007003CE373 /* Release */,
			);
			defaultConfigurationIsVisible = 0;
			defaultConfigurationName = Release;
		};
/* End XCConfigurationList section */
	};
	rootObject = 30FDF1B725594007003CE373 /* Project object */;
}
